
Microsoft Visual Studio Solution File, Format Version 12.00
# Visual Studio Version 17
VisualStudioVersion = 17.5.33530.505
MinimumVisualStudioVersion = 10.0.40219.1
Project("{FAE04EC0-301F-11D3-BF4B-00C04F79EFBC}") = "RogueSharp Tutorial", "RogueSharp Tutorial.csproj", "{CA4C2CCD-2BB2-46E1-A08C-5116FFD09F01}"
EndProject
Global
	GlobalSection(SolutionConfigurationPlatforms) = preSolution
		Debug|Any CPU = Debug|Any CPU
		Release|Any CPU = Release|Any CPU
	EndGlobalSection
	GlobalSection(ProjectConfigurationPlatforms) = postSolution
		{CA4C2CCD-2BB2-46E1-A08C-5116FFD09F01}.Debug|Any CPU.ActiveCfg = Debug|Any CPU
		{CA4C2CCD-2BB2-46E1-A08C-5116FFD09F01}.Debug|Any CPU.Build.0 = Debug|Any CPU
		{CA4C2CCD-2BB2-46E1-A08C-5116FFD09F01}.Release|Any CPU.ActiveCfg = Release|Any CPU
		{CA4C2CCD-2BB2-46E1-A08C-5116FFD09F01}.Release|Any CPU.Build.0 = Release|Any CPU
	EndGlobalSection
	GlobalSection(SolutionProperties) = preSolution
		HideSolutionNode = FALSE
	EndGlobalSection
	GlobalSection(ExtensibilityGlobals) = postSolution
		SolutionGuid = {514E503E-2D40-4E73-93D6-E7C9F2F40986}
	EndGlobalSection
EndGlobal
